
Microsoft Visual Studio Solution File, Format Version 12.00
# Visual Studio Version 17
VisualStudioVersion = 17.0.31903.59
MinimumVisualStudioVersion = 10.0.40219.1
Project("{2150E333-8FDC-42A3-9474-1A3956D46DE8}") = "src", "src", "{827E0CD3-B72D-47B6-A68D-7590B98EB39B}"
EndProject
Project("{FAE04EC0-301F-11D3-BF4B-00C04F79EFBC}") = "HexaCleanHybArch.Template.Api", "src\HexaCleanHybArch.Template.Api\HexaCleanHybArch.Template.Api.csproj", "{846F4749-6FD1-4C84-B19D-7C00946C1DB8}"
EndProject
Project("{FAE04EC0-301F-11D3-BF4B-00C04F79EFBC}") = "HexaCleanHybArch.Template.Core", "src\HexaCleanHybArch.Template.Core\HexaCleanHybArch.Template.Core.csproj", "{BD1ED948-E93D-4F58-8582-1024B88F906E}"
EndProject
Project("{FAE04EC0-301F-11D3-BF4B-00C04F79EFBC}") = "HexaCleanHybArch.Template.Infra", "src\HexaCleanHybArch.Template.Infra\HexaCleanHybArch.Template.Infra.csproj", "{FCF026E9-A371-4CFC-922F-F66B5CF9EA96}"
EndProject
Project("{FAE04EC0-301F-11D3-BF4B-00C04F79EFBC}") = "HexaCleanHybArch.Template.Shared", "src\HexaCleanHybArch.Template.Shared\HexaCleanHybArch.Template.Shared.csproj", "{CA230099-8853-4FB3-818D-E811997C1902}"
EndProject
Project("{FAE04EC0-301F-11D3-BF4B-00C04F79EFBC}") = "HexaCleanHybArch.Template.Config", "src\HexaCleanHybArch.Template.Config\HexaCleanHybArch.Template.Config.csproj", "{1651F838-112B-4153-91BC-48EB48918A95}"
EndProject
Project("{2150E333-8FDC-42A3-9474-1A3956D46DE8}") = "Adapters", "Adapters", "{B2AC7D8D-CC70-0852-CE98-0B280A2C8160}"
EndProject
Project("{2150E333-8FDC-42A3-9474-1A3956D46DE8}") = "User", "User", "{C2EBDB64-656C-CACE-15AF-50EC607A3A65}"
EndProject
Project("{FAE04EC0-301F-11D3-BF4B-00C04F79EFBC}") = "Adapters.User", "src\Adapters\User\Adapters.User.csproj", "{259685D0-B146-4F44-9BA8-04B0B6BB871B}"
EndProject
Project("{2150E333-8FDC-42A3-9474-1A3956D46DE8}") = "Auth", "Auth", "{405034A9-12BA-3B00-0BFB-77C2556A6EFD}"
EndProject
Project("{FAE04EC0-301F-11D3-BF4B-00C04F79EFBC}") = "Adapters.Auth", "src\Adapters\Auth\Adapters.Auth.csproj", "{78556780-96E2-4127-B39C-B84FBDE7EE3E}"
EndProject
Project("{2150E333-8FDC-42A3-9474-1A3956D46DE8}") = "tests", "tests", "{0AB3BF05-4346-4AA6-1389-037BE0695223}"
EndProject
Project("{2150E333-8FDC-42A3-9474-1A3956D46DE8}") = "Unit", "Unit", "{9D556B49-86D1-93A7-9596-FFAAB74EC556}"
EndProject
Project("{FAE04EC0-301F-11D3-BF4B-00C04F79EFBC}") = "HexaCleanHybArch.Template.Tests.Unit", "tests\Unit\HexaCleanHybArch.Template.Tests.Unit.csproj", "{15428CC2-633C-41C7-AE9D-4B59B2010093}"
EndProject
Project("{2150E333-8FDC-42A3-9474-1A3956D46DE8}") = "Integration", "Integration", "{28A6993C-471E-82FE-7D9E-AD3B1EC22BD9}"
EndProject
Project("{FAE04EC0-301F-11D3-BF4B-00C04F79EFBC}") = "HexaCleanHybArch.Template.Tests.Integration", "tests\Integration\HexaCleanHybArch.Template.Tests.Integration.csproj", "{1E4E99A1-B1EE-496E-B58D-D6DD54A0A25C}"
EndProject
Global
	GlobalSection(SolutionConfigurationPlatforms) = preSolution
		Debug|Any CPU = Debug|Any CPU
		Debug|x64 = Debug|x64
		Debug|x86 = Debug|x86
		Release|Any CPU = Release|Any CPU
		Release|x64 = Release|x64
		Release|x86 = Release|x86
	EndGlobalSection
	GlobalSection(ProjectConfigurationPlatforms) = postSolution
		{846F4749-6FD1-4C84-B19D-7C00946C1DB8}.Debug|Any CPU.ActiveCfg = Debug|Any CPU
		{846F4749-6FD1-4C84-B19D-7C00946C1DB8}.Debug|Any CPU.Build.0 = Debug|Any CPU
		{846F4749-6FD1-4C84-B19D-7C00946C1DB8}.Debug|x64.ActiveCfg = Debug|Any CPU
		{846F4749-6FD1-4C84-B19D-7C00946C1DB8}.Debug|x64.Build.0 = Debug|Any CPU
		{846F4749-6FD1-4C84-B19D-7C00946C1DB8}.Debug|x86.ActiveCfg = Debug|Any CPU
		{846F4749-6FD1-4C84-B19D-7C00946C1DB8}.Debug|x86.Build.0 = Debug|Any CPU
		{846F4749-6FD1-4C84-B19D-7C00946C1DB8}.Release|Any CPU.ActiveCfg = Release|Any CPU
		{846F4749-6FD1-4C84-B19D-7C00946C1DB8}.Release|Any CPU.Build.0 = Release|Any CPU
		{846F4749-6FD1-4C84-B19D-7C00946C1DB8}.Release|x64.ActiveCfg = Release|Any CPU
		{846F4749-6FD1-4C84-B19D-7C00946C1DB8}.Release|x64.Build.0 = Release|Any CPU
		{846F4749-6FD1-4C84-B19D-7C00946C1DB8}.Release|x86.ActiveCfg = Release|Any CPU
		{846F4749-6FD1-4C84-B19D-7C00946C1DB8}.Release|x86.Build.0 = Release|Any CPU
		{BD1ED948-E93D-4F58-8582-1024B88F906E}.Debug|Any CPU.ActiveCfg = Debug|Any CPU
		{BD1ED948-E93D-4F58-8582-1024B88F906E}.Debug|Any CPU.Build.0 = Debug|Any CPU
		{BD1ED948-E93D-4F58-8582-1024B88F906E}.Debug|x64.ActiveCfg = Debug|Any CPU
		{BD1ED948-E93D-4F58-8582-1024B88F906E}.Debug|x64.Build.0 = Debug|Any CPU
		{BD1ED948-E93D-4F58-8582-1024B88F906E}.Debug|x86.ActiveCfg = Debug|Any CPU
		{BD1ED948-E93D-4F58-8582-1024B88F906E}.Debug|x86.Build.0 = Debug|Any CPU
		{BD1ED948-E93D-4F58-8582-1024B88F906E}.Release|Any CPU.ActiveCfg = Release|Any CPU
		{BD1ED948-E93D-4F58-8582-1024B88F906E}.Release|Any CPU.Build.0 = Release|Any CPU
		{BD1ED948-E93D-4F58-8582-1024B88F906E}.Release|x64.ActiveCfg = Release|Any CPU
		{BD1ED948-E93D-4F58-8582-1024B88F906E}.Release|x64.Build.0 = Release|Any CPU
		{BD1ED948-E93D-4F58-8582-1024B88F906E}.Release|x86.ActiveCfg = Release|Any CPU
		{BD1ED948-E93D-4F58-8582-1024B88F906E}.Release|x86.Build.0 = Release|Any CPU
		{FCF026E9-A371-4CFC-922F-F66B5CF9EA96}.Debug|Any CPU.ActiveCfg = Debug|Any CPU
		{FCF026E9-A371-4CFC-922F-F66B5CF9EA96}.Debug|Any CPU.Build.0 = Debug|Any CPU
		{FCF026E9-A371-4CFC-922F-F66B5CF9EA96}.Debug|x64.ActiveCfg = Debug|Any CPU
		{FCF026E9-A371-4CFC-922F-F66B5CF9EA96}.Debug|x64.Build.0 = Debug|Any CPU
		{FCF026E9-A371-4CFC-922F-F66B5CF9EA96}.Debug|x86.ActiveCfg = Debug|Any CPU
		{FCF026E9-A371-4CFC-922F-F66B5CF9EA96}.Debug|x86.Build.0 = Debug|Any CPU
		{FCF026E9-A371-4CFC-922F-F66B5CF9EA96}.Release|Any CPU.ActiveCfg = Release|Any CPU
		{FCF026E9-A371-4CFC-922F-F66B5CF9EA96}.Release|Any CPU.Build.0 = Release|Any CPU
		{FCF026E9-A371-4CFC-922F-F66B5CF9EA96}.Release|x64.ActiveCfg = Release|Any CPU
		{FCF026E9-A371-4CFC-922F-F66B5CF9EA96}.Release|x64.Build.0 = Release|Any CPU
		{FCF026E9-A371-4CFC-922F-F66B5CF9EA96}.Release|x86.ActiveCfg = Release|Any CPU
		{FCF026E9-A371-4CFC-922F-F66B5CF9EA96}.Release|x86.Build.0 = Release|Any CPU
		{CA230099-8853-4FB3-818D-E811997C1902}.Debug|Any CPU.ActiveCfg = Debug|Any CPU
		{CA230099-8853-4FB3-818D-E811997C1902}.Debug|Any CPU.Build.0 = Debug|Any CPU
		{CA230099-8853-4FB3-818D-E811997C1902}.Debug|x64.ActiveCfg = Debug|Any CPU
		{CA230099-8853-4FB3-818D-E811997C1902}.Debug|x64.Build.0 = Debug|Any CPU
		{CA230099-8853-4FB3-818D-E811997C1902}.Debug|x86.ActiveCfg = Debug|Any CPU
		{CA230099-8853-4FB3-818D-E811997C1902}.Debug|x86.Build.0 = Debug|Any CPU
		{CA230099-8853-4FB3-818D-E811997C1902}.Release|Any CPU.ActiveCfg = Release|Any CPU
		{CA230099-8853-4FB3-818D-E811997C1902}.Release|Any CPU.Build.0 = Release|Any CPU
		{CA230099-8853-4FB3-818D-E811997C1902}.Release|x64.ActiveCfg = Release|Any CPU
		{CA230099-8853-4FB3-818D-E811997C1902}.Release|x64.Build.0 = Release|Any CPU
		{CA230099-8853-4FB3-818D-E811997C1902}.Release|x86.ActiveCfg = Release|Any CPU
		{CA230099-8853-4FB3-818D-E811997C1902}.Release|x86.Build.0 = Release|Any CPU
		{1651F838-112B-4153-91BC-48EB48918A95}.Debug|Any CPU.ActiveCfg = Debug|Any CPU
		{1651F838-112B-4153-91BC-48EB48918A95}.Debug|Any CPU.Build.0 = Debug|Any CPU
		{1651F838-112B-4153-91BC-48EB48918A95}.Debug|x64.ActiveCfg = Debug|Any CPU
		{1651F838-112B-4153-91BC-48EB48918A95}.Debug|x64.Build.0 = Debug|Any CPU
		{1651F838-112B-4153-91BC-48EB48918A95}.Debug|x86.ActiveCfg = Debug|Any CPU
		{1651F838-112B-4153-91BC-48EB48918A95}.Debug|x86.Build.0 = Debug|Any CPU
		{1651F838-112B-4153-91BC-48EB48918A95}.Release|Any CPU.ActiveCfg = Release|Any CPU
		{1651F838-112B-4153-91BC-48EB48918A95}.Release|Any CPU.Build.0 = Release|Any CPU
		{1651F838-112B-4153-91BC-48EB48918A95}.Release|x64.ActiveCfg = Release|Any CPU
		{1651F838-112B-4153-91BC-48EB48918A95}.Release|x64.Build.0 = Release|Any CPU
		{1651F838-112B-4153-91BC-48EB48918A95}.Release|x86.ActiveCfg = Release|Any CPU
		{1651F838-112B-4153-91BC-48EB48918A95}.Release|x86.Build.0 = Release|Any CPU
		{259685D0-B146-4F44-9BA8-04B0B6BB871B}.Debug|Any CPU.ActiveCfg = Debug|Any CPU
		{259685D0-B146-4F44-9BA8-04B0B6BB871B}.Debug|Any CPU.Build.0 = Debug|Any CPU
		{259685D0-B146-4F44-9BA8-04B0B6BB871B}.Debug|x64.ActiveCfg = Debug|Any CPU
		{259685D0-B146-4F44-9BA8-04B0B6BB871B}.Debug|x64.Build.0 = Debug|Any CPU
		{259685D0-B146-4F44-9BA8-04B0B6BB871B}.Debug|x86.ActiveCfg = Debug|Any CPU
		{259685D0-B146-4F44-9BA8-04B0B6BB871B}.Debug|x86.Build.0 = Debug|Any CPU
		{259685D0-B146-4F44-9BA8-04B0B6BB871B}.Release|Any CPU.ActiveCfg = Release|Any CPU
		{259685D0-B146-4F44-9BA8-04B0B6BB871B}.Release|Any CPU.Build.0 = Release|Any CPU
		{259685D0-B146-4F44-9BA8-04B0B6BB871B}.Release|x64.ActiveCfg = Release|Any CPU
		{259685D0-B146-4F44-9BA8-04B0B6BB871B}.Release|x64.Build.0 = Release|Any CPU
		{259685D0-B146-4F44-9BA8-04B0B6BB871B}.Release|x86.ActiveCfg = Release|Any CPU
		{259685D0-B146-4F44-9BA8-04B0B6BB871B}.Release|x86.Build.0 = Release|Any CPU
		{78556780-96E2-4127-B39C-B84FBDE7EE3E}.Debug|Any CPU.ActiveCfg = Debug|Any CPU
		{78556780-96E2-4127-B39C-B84FBDE7EE3E}.Debug|Any CPU.Build.0 = Debug|Any CPU
		{78556780-96E2-4127-B39C-B84FBDE7EE3E}.Debug|x64.ActiveCfg = Debug|Any CPU
		{78556780-96E2-4127-B39C-B84FBDE7EE3E}.Debug|x64.Build.0 = Debug|Any CPU
		{78556780-96E2-4127-B39C-B84FBDE7EE3E}.Debug|x86.ActiveCfg = Debug|Any CPU
		{78556780-96E2-4127-B39C-B84FBDE7EE3E}.Debug|x86.Build.0 = Debug|Any CPU
		{78556780-96E2-4127-B39C-B84FBDE7EE3E}.Release|Any CPU.ActiveCfg = Release|Any CPU
		{78556780-96E2-4127-B39C-B84FBDE7EE3E}.Release|Any CPU.Build.0 = Release|Any CPU
		{78556780-96E2-4127-B39C-B84FBDE7EE3E}.Release|x64.ActiveCfg = Release|Any CPU
		{78556780-96E2-4127-B39C-B84FBDE7EE3E}.Release|x64.Build.0 = Release|Any CPU
		{78556780-96E2-4127-B39C-B84FBDE7EE3E}.Release|x86.ActiveCfg = Release|Any CPU
		{78556780-96E2-4127-B39C-B84FBDE7EE3E}.Release|x86.Build.0 = Release|Any CPU
		{15428CC2-633C-41C7-AE9D-4B59B2010093}.Debug|Any CPU.ActiveCfg = Debug|Any CPU
		{15428CC2-633C-41C7-AE9D-4B59B2010093}.Debug|Any CPU.Build.0 = Debug|Any CPU
		{15428CC2-633C-41C7-AE9D-4B59B2010093}.Debug|x64.ActiveCfg = Debug|Any CPU
		{15428CC2-633C-41C7-AE9D-4B59B2010093}.Debug|x64.Build.0 = Debug|Any CPU
		{15428CC2-633C-41C7-AE9D-4B59B2010093}.Debug|x86.ActiveCfg = Debug|Any CPU
		{15428CC2-633C-41C7-AE9D-4B59B2010093}.Debug|x86.Build.0 = Debug|Any CPU
		{15428CC2-633C-41C7-AE9D-4B59B2010093}.Release|Any CPU.ActiveCfg = Release|Any CPU
		{15428CC2-633C-41C7-AE9D-4B59B2010093}.Release|Any CPU.Build.0 = Release|Any CPU
		{15428CC2-633C-41C7-AE9D-4B59B2010093}.Release|x64.ActiveCfg = Release|Any CPU
		{15428CC2-633C-41C7-AE9D-4B59B2010093}.Release|x64.Build.0 = Release|Any CPU
		{15428CC2-633C-41C7-AE9D-4B59B2010093}.Release|x86.ActiveCfg = Release|Any CPU
		{15428CC2-633C-41C7-AE9D-4B59B2010093}.Release|x86.Build.0 = Release|Any CPU
		{1E4E99A1-B1EE-496E-B58D-D6DD54A0A25C}.Debug|Any CPU.ActiveCfg = Debug|Any CPU
		{1E4E99A1-B1EE-496E-B58D-D6DD54A0A25C}.Debug|Any CPU.Build.0 = Debug|Any CPU
		{1E4E99A1-B1EE-496E-B58D-D6DD54A0A25C}.Debug|x64.ActiveCfg = Debug|Any CPU
		{1E4E99A1-B1EE-496E-B58D-D6DD54A0A25C}.Debug|x64.Build.0 = Debug|Any CPU
		{1E4E99A1-B1EE-496E-B58D-D6DD54A0A25C}.Debug|x86.ActiveCfg = Debug|Any CPU
		{1E4E99A1-B1EE-496E-B58D-D6DD54A0A25C}.Debug|x86.Build.0 = Debug|Any CPU
		{1E4E99A1-B1EE-496E-B58D-D6DD54A0A25C}.Release|Any CPU.ActiveCfg = Release|Any CPU
		{1E4E99A1-B1EE-496E-B58D-D6DD54A0A25C}.Release|Any CPU.Build.0 = Release|Any CPU
		{1E4E99A1-B1EE-496E-B58D-D6DD54A0A25C}.Release|x64.ActiveCfg = Release|Any CPU
		{1E4E99A1-B1EE-496E-B58D-D6DD54A0A25C}.Release|x64.Build.0 = Release|Any CPU
		{1E4E99A1-B1EE-496E-B58D-D6DD54A0A25C}.Release|x86.ActiveCfg = Release|Any CPU
		{1E4E99A1-B1EE-496E-B58D-D6DD54A0A25C}.Release|x86.Build.0 = Release|Any CPU
	EndGlobalSection
	GlobalSection(SolutionProperties) = preSolution
		HideSolutionNode = FALSE
	EndGlobalSection
	GlobalSection(NestedProjects) = preSolution
		{846F4749-6FD1-4C84-B19D-7C00946C1DB8} = {827E0CD3-B72D-47B6-A68D-7590B98EB39B}
		{BD1ED948-E93D-4F58-8582-1024B88F906E} = {827E0CD3-B72D-47B6-A68D-7590B98EB39B}
		{FCF026E9-A371-4CFC-922F-F66B5CF9EA96} = {827E0CD3-B72D-47B6-A68D-7590B98EB39B}
		{CA230099-8853-4FB3-818D-E811997C1902} = {827E0CD3-B72D-47B6-A68D-7590B98EB39B}
		{1651F838-112B-4153-91BC-48EB48918A95} = {827E0CD3-B72D-47B6-A68D-7590B98EB39B}
		{B2AC7D8D-CC70-0852-CE98-0B280A2C8160} = {827E0CD3-B72D-47B6-A68D-7590B98EB39B}
		{C2EBDB64-656C-CACE-15AF-50EC607A3A65} = {B2AC7D8D-CC70-0852-CE98-0B280A2C8160}
		{259685D0-B146-4F44-9BA8-04B0B6BB871B} = {C2EBDB64-656C-CACE-15AF-50EC607A3A65}
		{405034A9-12BA-3B00-0BFB-77C2556A6EFD} = {B2AC7D8D-CC70-0852-CE98-0B280A2C8160}
		{78556780-96E2-4127-B39C-B84FBDE7EE3E} = {405034A9-12BA-3B00-0BFB-77C2556A6EFD}
		{9D556B49-86D1-93A7-9596-FFAAB74EC556} = {0AB3BF05-4346-4AA6-1389-037BE0695223}
		{15428CC2-633C-41C7-AE9D-4B59B2010093} = {9D556B49-86D1-93A7-9596-FFAAB74EC556}
		{28A6993C-471E-82FE-7D9E-AD3B1EC22BD9} = {0AB3BF05-4346-4AA6-1389-037BE0695223}
		{1E4E99A1-B1EE-496E-B58D-D6DD54A0A25C} = {28A6993C-471E-82FE-7D9E-AD3B1EC22BD9}
	EndGlobalSection
	GlobalSection(ExtensibilityGlobals) = postSolution
		SolutionGuid = {991BDB19-D8E4-4443-950D-9DE4747191F2}
	EndGlobalSection
EndGlobal
